<?xml version="1.0"?>
<CONFIG>
  <ProjectOptions>
    <Version Value="9"/>
    <General>
      <Flags>
        <LRSInOutputDirectory Value="False"/>
      </Flags>
      <MainUnit Value="0"/>
      <Title Value="dictionary_manipulator_408"/>
      <ActiveWindowIndexAtStart Value="0"/>
    </General>
    <VersionInfo>
      <Language Value=""/>
      <CharSet Value=""/>
      <StringTable ProductVersion=""/>
    </VersionInfo>
    <BuildModes Count="1">
      <Item1 Name="default" Default="True"/>
    </BuildModes>
    <PublishOptions>
      <Version Value="2"/>
      <IgnoreBinaries Value="False"/>
      <IncludeFileFilter Value="*.(pas|pp|inc|lfm|lpr|lrs|lpi|lpk|sh|xml)"/>
      <ExcludeFileFilter Value="*.(bak|ppu|ppw|o|so);*~;backup"/>
    </PublishOptions>
    <RunParams>
      <local>
        <FormatVersion Value="1"/>
        <LaunchingApplication PathPlusParams="/usr/X11R6/bin/xterm -T 'Lazarus Run Output' -e $(LazarusDir)/tools/runwait.sh $(TargetCmdLine)"/>
      </local>
    </RunParams>
    <Units Count="6">
      <Unit0>
        <Filename Value="dictionary_manipulator_408.lpr"/>
        <IsPartOfProject Value="True"/>
        <UnitName Value="dictionary_manipulator_408"/>
        <IsVisibleTab Value="True"/>
        <EditorIndex Value="0"/>
        <WindowIndex Value="0"/>
        <TopLine Value="197"/>
        <CursorPos X="21" Y="208"/>
        <UsageCount Value="25"/>
        <Loaded Value="True"/>
        <LoadedDesigner Value="True"/>
        <DefaultSyntaxHighlighter Value="Delphi"/>
      </Unit0>
      <Unit1>
        <Filename Value="/usr/share/fpcsrc/2.2.2/packages/fcl-base/src/custapp.pp"/>
        <UnitName Value="CustApp"/>
        <WindowIndex Value="0"/>
        <TopLine Value="61"/>
        <CursorPos X="21" Y="75"/>
        <UsageCount Value="11"/>
      </Unit1>
      <Unit2>
        <Filename Value="/usr/share/fpcsrc/2.2.2/rtl/objpas/objpas.pp"/>
        <UnitName Value="objpas"/>
        <TopLine Value="181"/>
        <CursorPos X="1" Y="186"/>
        <UsageCount Value="10"/>
      </Unit2>
      <Unit3>
        <Filename Value="/usr/share/fpcsrc/2.2.2/rtl/inc/systemh.inc"/>
        <WindowIndex Value="0"/>
        <TopLine Value="771"/>
        <CursorPos X="11" Y="786"/>
        <UsageCount Value="11"/>
      </Unit3>
      <Unit4>
        <Filename Value="dictionary_complementation2.lpr"/>
        <UnitName Value="dictionary_complementation2"/>
        <WindowIndex Value="0"/>
        <TopLine Value="1"/>
        <CursorPos X="1" Y="1"/>
        <UsageCount Value="10"/>
        <DefaultSyntaxHighlighter Value="Delphi"/>
      </Unit4>
      <Unit5>
        <Filename Value="dictionary_complementation3.lpr"/>
        <UnitName Value="dictionary_complementation3"/>
        <WindowIndex Value="0"/>
        <TopLine Value="73"/>
        <CursorPos X="1" Y="1"/>
        <UsageCount Value="10"/>
        <DefaultSyntaxHighlighter Value="Delphi"/>
      </Unit5>
    </Units>
    <JumpHistory Count="0" HistoryIndex="-1"/>
  </ProjectOptions>
  <CompilerOptions>
    <Version Value="11"/>
    <Parsing>
      <SyntaxOptions>
        <SyntaxMode Value="Delphi"/>
        <CStyleOperator Value="False"/>
        <CPPInline Value="False"/>
        <UseAnsiStrings Value="False"/>
      </SyntaxOptions>
    </Parsing>
    <CodeGeneration>
      <TargetCPU Value="i386"/>
      <TargetOS Value="linux"/>
      <Optimizations>
        <VariablesInRegisters Value="True"/>
        <OptimizationLevel Value="3"/>
      </Optimizations>
    </CodeGeneration>
    <Other>
      <Verbosity>
        <ShoLineNum Value="True"/>
      </Verbosity>
      <CompilerPath Value="$(CompPath)"/>
      <ExecuteBefore>
        <ScanForFPCMsgs Value="True"/>
        <ScanForMakeMsgs Value="True"/>
        <ShowAllMessages Value="True"/>
      </ExecuteBefore>
      <ExecuteAfter>
        <ScanForFPCMsgs Value="True"/>
        <ScanForMakeMsgs Value="True"/>
        <ShowAllMessages Value="True"/>
      </ExecuteAfter>
      <CreateMakefileOnBuild Value="True"/>
    </Other>
  </CompilerOptions>
  <Debugging>
    <Watches Count="3">
      <Item1>
        <Expression Value="sinalpha"/>
      </Item1>
      <Item2>
        <Expression Value="r"/>
      </Item2>
      <Item3>
        <Expression Value="c"/>
      </Item3>
    </Watches>
    <Exceptions Count="2">
      <Item1>
        <Name Value="ECodetoolError"/>
      </Item1>
      <Item2>
        <Name Value="EFOpenError"/>
      </Item2>
    </Exceptions>
  </Debugging>
</CONFIG>
